
Microsoft Visual Studio Solution File, Format Version 12.00
# Visual Studio 14
VisualStudioVersion = 14.0.25420.1
MinimumVisualStudioVersion = 10.0.40219.1
Project("{FAE04EC0-301F-11D3-BF4B-00C04F79EFBC}") = "Task1", "Task1\Task1.csproj", "{CE336C37-3A13-4101-87F5-EA4CF8D37D6C}"
EndProject
Project("{FAE04EC0-301F-11D3-BF4B-00C04F79EFBC}") = "Task1.Tests", "Task1.Tests\Task1.Tests.csproj", "{2E88E53F-A6B7-422B-A6AD-943FC938A797}"
EndProject
Global
	GlobalSection(SolutionConfigurationPlatforms) = preSolution
		Debug|Any CPU = Debug|Any CPU
		Release|Any CPU = Release|Any CPU
	EndGlobalSection
	GlobalSection(ProjectConfigurationPlatforms) = postSolution
		{CE336C37-3A13-4101-87F5-EA4CF8D37D6C}.Debug|Any CPU.ActiveCfg = Debug|Any CPU
		{CE336C37-3A13-4101-87F5-EA4CF8D37D6C}.Debug|Any CPU.Build.0 = Debug|Any CPU
		{CE336C37-3A13-4101-87F5-EA4CF8D37D6C}.Release|Any CPU.ActiveCfg = Release|Any CPU
		{CE336C37-3A13-4101-87F5-EA4CF8D37D6C}.Release|Any CPU.Build.0 = Release|Any CPU
		{2E88E53F-A6B7-422B-A6AD-943FC938A797}.Debug|Any CPU.ActiveCfg = Debug|Any CPU
		{2E88E53F-A6B7-422B-A6AD-943FC938A797}.Debug|Any CPU.Build.0 = Debug|Any CPU
		{2E88E53F-A6B7-422B-A6AD-943FC938A797}.Release|Any CPU.ActiveCfg = Release|Any CPU
		{2E88E53F-A6B7-422B-A6AD-943FC938A797}.Release|Any CPU.Build.0 = Release|Any CPU
	EndGlobalSection
	GlobalSection(SolutionProperties) = preSolution
		HideSolutionNode = FALSE
	EndGlobalSection
EndGlobal
